{
    "_meta": {
        "hash": {
            "sha256": "57a9c92d388ced9e8b8ff142b735539e9d0f70d653535bf3dd26a3549c5c3db5"
        },
        "pipfile-spec": 6,
        "requires": {
            "python_version": "3.6"
        },
        "sources": [
            {
                "name": "pypi",
                "url": "https://pypi.org/simple",
                "verify_ssl": true
            }
        ]
    },
    "default": {},
    "develop": {
        "appdirs": {
            "hashes": [
                "sha256:7d5d0167b2b1ba821647616af46a749d1c653740dd0d2415100fe26e27afdf41",
                "sha256:a841dacd6b99318a741b166adb07e19ee71a274450e68237b4650ca1055ab128"
            ],
            "version": "==1.4.4"
        },
        "attrs": {
            "hashes": [
                "sha256:31b2eced602aa8423c2aea9c76a724617ed67cf9513173fd3a4f03e3a929c7e6",
                "sha256:832aa3cde19744e49938b91fea06d69ecb9e649c93ba974535d08ad92164f700"
            ],
            "version": "==20.3.0"
        },
        "automat": {
            "hashes": [
                "sha256:7979803c74610e11ef0c0d68a2942b152df52da55336e0c9d58daf1831cbdf33",
                "sha256:b6feb6455337df834f6c9962d6ccf771515b7d939bca142b29c20c2376bc6111"
            ],
            "version": "==20.2.0"
        },
        "black": {
            "hashes": [
                "sha256:1b30e59be925fafc1ee4565e5e08abef6b03fe455102883820fe5ee2e4734e0b",
                "sha256:c2edb73a08e9e0e6f65a0e6af18b059b8b1cdd5bef997d7a0b181df93dc81539"
            ],
            "index": "pypi",
            "version": "==19.10b0"
        },
        "cffi": {
            "hashes": [
                "sha256:005a36f41773e148deac64b08f233873a4d0c18b053d37da83f6af4d9087b813",
                "sha256:0857f0ae312d855239a55c81ef453ee8fd24136eaba8e87a2eceba644c0d4c06",
                "sha256:1071534bbbf8cbb31b498d5d9db0f274f2f7a865adca4ae429e147ba40f73dea",
                "sha256:158d0d15119b4b7ff6b926536763dc0714313aa59e320ddf787502c70c4d4bee",
                "sha256:1f436816fc868b098b0d63b8920de7d208c90a67212546d02f84fe78a9c26396",
                "sha256:2894f2df484ff56d717bead0a5c2abb6b9d2bf26d6960c4604d5c48bbc30ee73",
                "sha256:29314480e958fd8aab22e4a58b355b629c59bf5f2ac2492b61e3dc06d8c7a315",
                "sha256:34eff4b97f3d982fb93e2831e6750127d1355a923ebaeeb565407b3d2f8d41a1",
                "sha256:35f27e6eb43380fa080dccf676dece30bef72e4a67617ffda586641cd4508d49",
                "sha256:3d3dd4c9e559eb172ecf00a2a7517e97d1e96de2a5e610bd9b68cea3925b4892",
                "sha256:43e0b9d9e2c9e5d152946b9c5fe062c151614b262fda2e7b201204de0b99e482",
                "sha256:48e1c69bbacfc3d932221851b39d49e81567a4d4aac3b21258d9c24578280058",
                "sha256:51182f8927c5af975fece87b1b369f722c570fe169f9880764b1ee3bca8347b5",
                "sha256:58e3f59d583d413809d60779492342801d6e82fefb89c86a38e040c16883be53",
                "sha256:5de7970188bb46b7bf9858eb6890aad302577a5f6f75091fd7cdd3ef13ef3045",
                "sha256:65fa59693c62cf06e45ddbb822165394a288edce9e276647f0046e1ec26920f3",
                "sha256:69e395c24fc60aad6bb4fa7e583698ea6cc684648e1ffb7fe85e3c1ca131a7d5",
                "sha256:6c97d7350133666fbb5cf4abdc1178c812cb205dc6f41d174a7b0f18fb93337e",
                "sha256:6e4714cc64f474e4d6e37cfff31a814b509a35cb17de4fb1999907575684479c",
                "sha256:72d8d3ef52c208ee1c7b2e341f7d71c6fd3157138abf1a95166e6165dd5d4369",
                "sha256:8ae6299f6c68de06f136f1f9e69458eae58f1dacf10af5c17353eae03aa0d827",
                "sha256:8b198cec6c72df5289c05b05b8b0969819783f9418e0409865dac47288d2a053",
                "sha256:99cd03ae7988a93dd00bcd9d0b75e1f6c426063d6f03d2f90b89e29b25b82dfa",
                "sha256:9cf8022fb8d07a97c178b02327b284521c7708d7c71a9c9c355c178ac4bbd3d4",
                "sha256:9de2e279153a443c656f2defd67769e6d1e4163952b3c622dcea5b08a6405322",
                "sha256:9e93e79c2551ff263400e1e4be085a1210e12073a31c2011dbbda14bda0c6132",
                "sha256:9ff227395193126d82e60319a673a037d5de84633f11279e336f9c0f189ecc62",
                "sha256:a465da611f6fa124963b91bf432d960a555563efe4ed1cc403ba5077b15370aa",
                "sha256:ad17025d226ee5beec591b52800c11680fca3df50b8b29fe51d882576e039ee0",
                "sha256:afb29c1ba2e5a3736f1c301d9d0abe3ec8b86957d04ddfa9d7a6a42b9367e396",
                "sha256:b85eb46a81787c50650f2392b9b4ef23e1f126313b9e0e9013b35c15e4288e2e",
                "sha256:bb89f306e5da99f4d922728ddcd6f7fcebb3241fc40edebcb7284d7514741991",
                "sha256:cbde590d4faaa07c72bf979734738f328d239913ba3e043b1e98fe9a39f8b2b6",
                "sha256:cd2868886d547469123fadc46eac7ea5253ea7fcb139f12e1dfc2bbd406427d1",
                "sha256:d42b11d692e11b6634f7613ad8df5d6d5f8875f5d48939520d351007b3c13406",
                "sha256:f2d45f97ab6bb54753eab54fffe75aaf3de4ff2341c9daee1987ee1837636f1d",
                "sha256:fd78e5fee591709f32ef6edb9a015b4aa1a5022598e36227500c8f4e02328d9c"
            ],
            "version": "==1.14.5"
        },
        "chardet": {
            "hashes": [
                "sha256:0d6f53a15db4120f2b08c94f11e7d93d2c911ee118b6b30a04ec3ee8310179fa",
                "sha256:f864054d66fd9118f2e67044ac8981a54775ec5b67aed0441892edb553d21da5"
            ],
            "version": "==4.0.0"
        },
        "click": {
            "hashes": [
                "sha256:06b3a46da3b40f4bbe19b8ea5ba9a34e7925913a9b51608ff0c1d78ef0b814b4",
                "sha256:7340a8666a3e2eff5f2ee778c2d06b606ce9891a61b2ee315e0a3994ffd2226a"
            ],
            "version": "==8.0.0rc1"
        },
        "constantly": {
            "hashes": [
                "sha256:586372eb92059873e29eba4f9dec8381541b4d3834660707faf8ba59146dfc35",
                "sha256:dd2fa9d6b1a51a83f0d7dd76293d734046aa176e384bf6e33b7e44880eb37c5d"
            ],
            "version": "==15.1.0"
        },
        "cryptography": {
            "hashes": [
                "sha256:0f1212a66329c80d68aeeb39b8a16d54ef57071bf22ff4e521657b27372e327d",
                "sha256:1e056c28420c072c5e3cb36e2b23ee55e260cb04eee08f702e0edfec3fb51959",
                "sha256:240f5c21aef0b73f40bb9f78d2caff73186700bf1bc6b94285699aff98cc16c6",
                "sha256:26965837447f9c82f1855e0bc8bc4fb910240b6e0d16a664bb722df3b5b06873",
                "sha256:37340614f8a5d2fb9aeea67fd159bfe4f5f4ed535b1090ce8ec428b2f15a11f2",
                "sha256:3d10de8116d25649631977cb37da6cbdd2d6fa0e0281d014a5b7d337255ca713",
                "sha256:3d8427734c781ea5f1b41d6589c293089704d4759e34597dce91014ac125aad1",
                "sha256:7ec5d3b029f5fa2b179325908b9cd93db28ab7b85bb6c1db56b10e0b54235177",
                "sha256:8e56e16617872b0957d1c9742a3f94b43533447fd78321514abbe7db216aa250",
                "sha256:de4e5f7f68220d92b7637fc99847475b59154b7a1b3868fb7385337af54ac9ca",
                "sha256:eb8cc2afe8b05acbd84a43905832ec78e7b3873fb124ca190f574dca7389a87d",
                "sha256:ee77aa129f481be46f8d92a1a7db57269a2f23052d5f2433b4621bb457081cc9"
            ],
            "version": "==3.4.7"
        },
        "deluge": {
            "hashes": [
                "sha256:01434c48f89e367a58edf834b1e63417c2cc96e9a922edf637cc27490c38fb43",
                "sha256:bd26950f417de2a5b26827d989935a30e770f880c22cb59ca69f781cdc9a14c9"
            ],
            "index": "pypi",
            "version": "==2.0.3"
        },
        "hyperlink": {
            "hashes": [
                "sha256:427af957daa58bc909471c6c40f74c5450fa123dd093fc53efd2e91d2705a56b",
                "sha256:e6b14c37ecb73e89c77d78cdb4c2cc8f3fb59a885c5b3f819ff4ed80f25af1b4"
            ],
            "version": "==21.0.0"
        },
        "idna": {
            "hashes": [
                "sha256:5205d03e7bcbb919cc9c19885f9920d622ca52448306f2377daede5cf3faac16",
                "sha256:c5b02147e01ea9920e6b0a3f1f7bb833612d507592c837a6c49552768f4054e1"
            ],
            "version": "==3.1"
        },
        "importlib-metadata": {
            "hashes": [
                "sha256:19192b88d959336bfa6bdaaaef99aeafec179eca19c47c804e555703ee5f07ef",
                "sha256:2e881981c9748d7282b374b68e759c87745c25427b67ecf0cc67fb6637a1bff9"
            ],
            "markers": "python_version < '3.8'",
            "version": "==4.0.0"
        },
        "incremental": {
            "hashes": [
                "sha256:02f5de5aff48f6b9f665d99d48bfc7ec03b6e3943210de7cfc88856d755d6f57",
                "sha256:92014aebc6a20b78a8084cdd5645eeaa7f74b8933f70fa3ada2cfbd1e3b54321"
            ],
            "version": "==21.3.0"
        },
        "mako": {
            "hashes": [
                "sha256:17831f0b7087c313c0ffae2bcbbd3c1d5ba9eeac9c38f2eb7b50e8c99fe9d5ab",
                "sha256:aea166356da44b9b830c8023cd9b557fa856bd8b4035d6de771ca027dfc5cc6e"
            ],
            "version": "==1.1.4"
        },
        "markupsafe": {
            "hashes": [
                "sha256:023be69df51b68f9f1ed42b5959303dad3c153cd958ebb0e34c18251fb967837",
                "sha256:074bbd79cfeba59d5a426e09a7d7a36247b2ba429aaa762d547b101ff1818b74",
                "sha256:07f31078aaa975a1a962a775059cf0dfe6dd2fcafff4c4b5f9df76268ae566e9",
                "sha256:0e371c83c31cee6a659499172f53fe5722c80316bb198eaa492668460fc22378",
                "sha256:152e680f380562ad34277f5d3f066b62eb25d2dda47afc14f76ee49f3cd467e7",
                "sha256:15992536bd3e91defff17579d388475cc60fc3aeff883ac14edbdd079817e0b7",
                "sha256:167a017abf294fc17b3b5098b77667246030ad68d02a59f1fc9b48f65ff836aa",
                "sha256:24fa977011c8d17dae93641376090fc7434babf95128f862bb61fad545afc580",
                "sha256:27051dce1be59d0d1e09bb58e9bdda10f1e546a97c119cf3b88b82a24b48081c",
                "sha256:36afcf88a772054038be74cbfa872074e9c1ac3481e66b8da4967e81150e139e",
                "sha256:41d3b3776bc820c8fcc585df6b49c2a3e245c64a46ad7aa1b21ce08179d9167b",
                "sha256:4d95e90df3e2bc76fa71d524a861083bbac1f1bcaf429c991292518343232e5b",
                "sha256:50ccc0b107e7b95d5a2c55cd9f34d7b4696d3092d4bd231cef56131059653554",
                "sha256:55eb46368cc8a62ff7a15e84cea243403fc514b3d7d13168d55e99eb8a772129",
                "sha256:5c949af1abb37dc23c1ebcee2783a26f0f91b42a4dd6184291e5502c409ac743",
                "sha256:666f687682398f4c26e6b41be8233d3ea86fa9fbad56d98a4cf32110d7675773",
                "sha256:680c521ee5214bf28aa20f90107d2c5d0849b24042e44c17d94d52727af23dcd",
                "sha256:686f3c2e7b2a8e36b2003c952c498bbf24753a35b72e7eccb2d62897f4f59b8e",
                "sha256:6c3b64b774d8c8705a04e28c1c7e2c60705e2b72bfa388d8c863ad0dfce5cbd6",
                "sha256:70bee0400f78ce7e6aa6d2526be515afe7ac1693d9db1f6782ddc3420a4d961c",
                "sha256:746a22773b02c79ea570cf97f92aad7e58938bcd2670de499e349d8430f989ef",
                "sha256:93019a67f12e4e5cf5d4570465fe6ce9a8951be4173e1287e838dff3332a315e",
                "sha256:a7718a137e319e6a61bb4598ec12f7da18553d5d28ae6e21165dfc0d0d90a1b4",
                "sha256:aba3cf1d4d2e8664bace4e4df478e08d4bc2d36d7b59444e10bb7934e2708d87",
                "sha256:ad9dfe60753afa2932ed5adba73a1ff401e3de4106f88b4c31262ebab62b7708",
                "sha256:b24e488972dfadcb0f845f5536c79addc15eb6576548537a38075018e26477f0",
                "sha256:e1ea9b34bec7dbf653edd3361170108cb717b4f49be729e2367f5151d1e938ee",
                "sha256:e3ff50bf999c0f45552761bf4a9138dc0464d887de8f2afeb9d95f7bb03a1ec0",
                "sha256:e792bf8b47441bcf506a09bbffea178398e3dec6c58865e8dd01cc4dcd07685d",
                "sha256:f24aa8c69bd9d61316de172ad19cc6d069da510821585d777960f90b2ed5501c",
                "sha256:f3a67f5ba9452a3287d35e4f174ddfca72a1bb48da09d2e1d35598922c4c1e41",
                "sha256:f6dee1e460629691452bf37419825bba4002fdb4883701c7cd72e5aa42724aa9",
                "sha256:f99fd93e52de0cbe675eda692c238dfde5d09c73c38e497a5a0f9a706f394264",
                "sha256:fd76ae35e33a1af04a63de5ff5fea872b9b01cff079cf895cec3697ded2c433e"
            ],
            "version": "==2.0.0rc2"
        },
        "more-itertools": {
            "hashes": [
                "sha256:5652a9ac72209ed7df8d9c15daf4e1aa0e3d2ccd3c87f8265a0673cd9cbc9ced",
                "sha256:c5d6da9ca3ff65220c3bfd2a8db06d698f05d4d2b9be57e1deb2be5a45019713"
            ],
            "version": "==8.7.0"
        },
        "mypy": {
            "hashes": [
                "sha256:15b948e1302682e3682f11f50208b726a246ab4e6c1b39f9264a8796bb416aa2",
                "sha256:219a3116ecd015f8dca7b5d2c366c973509dfb9a8fc97ef044a36e3da66144a1",
                "sha256:3b1fc683fb204c6b4403a1ef23f0b1fac8e4477091585e0c8c54cbdf7d7bb164",
                "sha256:3beff56b453b6ef94ecb2996bea101a08f1f8a9771d3cbf4988a61e4d9973761",
                "sha256:7687f6455ec3ed7649d1ae574136835a4272b65b3ddcf01ab8704ac65616c5ce",
                "sha256:7ec45a70d40ede1ec7ad7f95b3c94c9cf4c186a32f6bacb1795b60abd2f9ef27",
                "sha256:86c857510a9b7c3104cf4cde1568f4921762c8f9842e987bc03ed4f160925754",
                "sha256:8a627507ef9b307b46a1fea9513d5c98680ba09591253082b4c48697ba05a4ae",
                "sha256:8dfb69fbf9f3aeed18afffb15e319ca7f8da9642336348ddd6cab2713ddcf8f9",
                "sha256:a34b577cdf6313bf24755f7a0e3f3c326d5c1f4fe7422d1d06498eb25ad0c600",
                "sha256:a8ffcd53cb5dfc131850851cc09f1c44689c2812d0beb954d8138d4f5fc17f65",
                "sha256:b90928f2d9eb2f33162405f32dde9f6dcead63a0971ca8a1b50eb4ca3e35ceb8",
                "sha256:c56ffe22faa2e51054c5f7a3bc70a370939c2ed4de308c690e7949230c995913",
                "sha256:f91c7ae919bbc3f96cd5e5b2e786b2b108343d1d7972ea130f7de27fdd547cf3"
            ],
            "index": "pypi",
            "version": "==0.770"
        },
        "mypy-extensions": {
            "hashes": [
                "sha256:090fedd75945a69ae91ce1303b5824f428daf5a028d2f6ab8a299250a846f15d",
                "sha256:2d82818f5bb3e369420cb3c4060a7970edba416647068eb4c5343488a6c604a8"
            ],
            "version": "==0.4.3"
        },
        "packaging": {
            "hashes": [
                "sha256:5b327ac1320dc863dca72f4514ecc086f31186744b84a230374cc1fd776feae5",
                "sha256:67714da7f7bc052e064859c05c595155bd1ee9f69f76557e21f051443c20947a"
            ],
            "version": "==20.9"
        },
        "pathspec": {
            "hashes": [
                "sha256:86379d6b86d75816baba717e64b1a3a3469deb93bb76d613c9ce79edc5cb68fd",
                "sha256:aa0cb481c4041bf52ffa7b0d8fa6cd3e88a2ca4879c533c9153882ee2556790d"
            ],
            "version": "==0.8.1"
        },
        "pillow": {
            "hashes": [
                "sha256:01425106e4e8cee195a411f729cff2a7d61813b0b11737c12bd5991f5f14bcd5",
                "sha256:031a6c88c77d08aab84fecc05c3cde8414cd6f8406f4d2b16fed1e97634cc8a4",
                "sha256:083781abd261bdabf090ad07bb69f8f5599943ddb539d64497ed021b2a67e5a9",
                "sha256:0d19d70ee7c2ba97631bae1e7d4725cdb2ecf238178096e8c82ee481e189168a",
                "sha256:0e04d61f0064b545b989126197930807c86bcbd4534d39168f4aa5fda39bb8f9",
                "sha256:12e5e7471f9b637762453da74e390e56cc43e486a88289995c1f4c1dc0bfe727",
                "sha256:22fd0f42ad15dfdde6c581347eaa4adb9a6fc4b865f90b23378aa7914895e120",
                "sha256:238c197fc275b475e87c1453b05b467d2d02c2915fdfdd4af126145ff2e4610c",
                "sha256:3b570f84a6161cf8865c4e08adf629441f56e32f180f7aa4ccbd2e0a5a02cba2",
                "sha256:463822e2f0d81459e113372a168f2ff59723e78528f91f0bd25680ac185cf797",
                "sha256:4d98abdd6b1e3bf1a1cbb14c3895226816e666749ac040c4e2554231068c639b",
                "sha256:5afe6b237a0b81bd54b53f835a153770802f164c5570bab5e005aad693dab87f",
                "sha256:5b70110acb39f3aff6b74cf09bb4169b167e2660dabc304c1e25b6555fa781ef",
                "sha256:5cbf3e3b1014dddc45496e8cf38b9f099c95a326275885199f427825c6522232",
                "sha256:624b977355cde8b065f6d51b98497d6cd5fbdd4f36405f7a8790e3376125e2bb",
                "sha256:63728564c1410d99e6d1ae8e3b810fe012bc440952168af0a2877e8ff5ab96b9",
                "sha256:66cc56579fd91f517290ab02c51e3a80f581aba45fd924fcdee01fa06e635812",
                "sha256:6c32cc3145928c4305d142ebec682419a6c0a8ce9e33db900027ddca1ec39178",
                "sha256:8bb1e155a74e1bfbacd84555ea62fa21c58e0b4e7e6b20e4447b8d07990ac78b",
                "sha256:95d5ef984eff897850f3a83883363da64aae1000e79cb3c321915468e8c6add5",
                "sha256:a013cbe25d20c2e0c4e85a9daf438f85121a4d0344ddc76e33fd7e3965d9af4b",
                "sha256:a787ab10d7bb5494e5f76536ac460741788f1fbce851068d73a87ca7c35fc3e1",
                "sha256:a7d5e9fad90eff8f6f6106d3b98b553a88b6f976e51fce287192a5d2d5363713",
                "sha256:aac00e4bc94d1b7813fe882c28990c1bc2f9d0e1aa765a5f2b516e8a6a16a9e4",
                "sha256:b91c36492a4bbb1ee855b7d16fe51379e5f96b85692dc8210831fbb24c43e484",
                "sha256:c03c07ed32c5324939b19e36ae5f75c660c81461e312a41aea30acdd46f93a7c",
                "sha256:c5236606e8570542ed424849f7852a0ff0bce2c4c8d0ba05cc202a5a9c97dee9",
                "sha256:c6b39294464b03457f9064e98c124e09008b35a62e3189d3513e5148611c9388",
                "sha256:cb7a09e173903541fa888ba010c345893cd9fc1b5891aaf060f6ca77b6a3722d",
                "sha256:d68cb92c408261f806b15923834203f024110a2e2872ecb0bd2a110f89d3c602",
                "sha256:dc38f57d8f20f06dd7c3161c59ca2c86893632623f33a42d592f097b00f720a9",
                "sha256:e98eca29a05913e82177b3ba3d198b1728e164869c613d76d0de4bde6768a50e",
                "sha256:f217c3954ce5fd88303fc0c317af55d5e0204106d86dea17eb8205700d47dec2"
            ],
            "version": "==8.2.0"
        },
        "pluggy": {
            "hashes": [
                "sha256:15b2acde666561e1298d71b523007ed7364de07029219b604cf808bfa1c765b0",
                "sha256:966c145cd83c96502c3c3868f50408687b38434af77734af1e9ca461a4081d2d"
            ],
            "version": "==0.13.1"
        },
        "py": {
            "hashes": [
                "sha256:21b81bda15b66ef5e1a777a21c4dcd9c20ad3efd0b3f817e7a809035269e1bd3",
                "sha256:3b80836aa6d1feeaa108e046da6423ab8f6ceda6468545ae8d02d9d58d18818a"
            ],
            "index": "pypi",
            "version": "==1.10.0"
        },
        "pyasn1": {
            "hashes": [
                "sha256:39c7e2ec30515947ff4e87fb6f456dfc6e84857d34be479c9d4a4ba4bf46aa5d",
                "sha256:aef77c9fb94a3ac588e87841208bdec464471d9871bd5050a287cc9a475cd0ba"
            ],
            "version": "==0.4.8"
        },
        "pyasn1-modules": {
            "hashes": [
                "sha256:905f84c712230b2c592c19470d3ca8d552de726050d1d1716282a1f6146be65e",
                "sha256:a50b808ffeb97cb3601dd25981f6b016cbb3d31fbf57a8b8a87428e6158d0c74"
            ],
            "version": "==0.2.8"
        },
        "pycparser": {
            "hashes": [
                "sha256:2d475327684562c3a96cc71adf7dc8c4f0565175cf86b6d7a404ff4c771f15f0",
                "sha256:7582ad22678f0fcd81102833f60ef8d0e57288b6b5fb00323d101be910e35705"
            ],
            "version": "==2.20"
        },
        "pyopenssl": {
            "hashes": [
                "sha256:4c231c759543ba02560fcd2480c48dcec4dae34c9da7d3747c508227e0624b51",
                "sha256:818ae18e06922c066f777a33f1fca45786d85edfe71cd043de6379337a7f274b"
            ],
            "version": "==20.0.1"
        },
        "pyparsing": {
            "hashes": [
                "sha256:1c6409312ce2ce2997896af5756753778d5f1603666dba5587804f09ad82ed27",
                "sha256:f4896b4cc085a1f8f8ae53a1a90db5a86b3825ff73eb974dffee3d9e701007f4"
            ],
            "version": "==3.0.0b2"
        },
        "pytest": {
            "hashes": [
                "sha256:0e5b30f5cb04e887b91b1ee519fa3d89049595f428c1db76e73bd7f17b09b172",
                "sha256:84dde37075b8805f3d1f392cc47e38a0e59518fb46a431cfdaf7cf1ce805f970"
            ],
            "index": "pypi",
            "version": "==5.4.1"
        },
        "pyxdg": {
            "hashes": [
                "sha256:2d6701ab7c74bbab8caa6a95e0a0a129b1643cf6c298bf7c569adec06d0709a0",
                "sha256:80bd93aae5ed82435f20462ea0208fb198d8eec262e831ee06ce9ddb6b91c5a5"
            ],
            "version": "==0.27"
        },
        "regex": {
            "hashes": [
                "sha256:01afaf2ec48e196ba91b37451aa353cb7eda77efe518e481707e0515025f0cd5",
                "sha256:11d773d75fa650cd36f68d7ca936e3c7afaae41b863b8c387a22aaa78d3c5c79",
                "sha256:18c071c3eb09c30a264879f0d310d37fe5d3a3111662438889ae2eb6fc570c31",
                "sha256:1e1c20e29358165242928c2de1482fb2cf4ea54a6a6dea2bd7a0e0d8ee321500",
                "sha256:281d2fd05555079448537fe108d79eb031b403dac622621c78944c235f3fcf11",
                "sha256:314d66636c494ed9c148a42731b3834496cc9a2c4251b1661e40936814542b14",
                "sha256:32e65442138b7b76dd8173ffa2cf67356b7bc1768851dded39a7a13bf9223da3",
                "sha256:339456e7d8c06dd36a22e451d58ef72cef293112b559010db3d054d5560ef439",
                "sha256:3916d08be28a1149fb97f7728fca1f7c15d309a9f9682d89d79db75d5e52091c",
                "sha256:3a9cd17e6e5c7eb328517969e0cb0c3d31fd329298dd0c04af99ebf42e904f82",
                "sha256:47bf5bf60cf04d72bf6055ae5927a0bd9016096bf3d742fa50d9bf9f45aa0711",
                "sha256:4c46e22a0933dd783467cf32b3516299fb98cfebd895817d685130cc50cd1093",
                "sha256:4c557a7b470908b1712fe27fb1ef20772b78079808c87d20a90d051660b1d69a",
                "sha256:52ba3d3f9b942c49d7e4bc105bb28551c44065f139a65062ab7912bef10c9afb",
                "sha256:563085e55b0d4fb8f746f6a335893bda5c2cef43b2f0258fe1020ab1dd874df8",
                "sha256:598585c9f0af8374c28edd609eb291b5726d7cbce16be6a8b95aa074d252ee17",
                "sha256:619d71c59a78b84d7f18891fe914446d07edd48dc8328c8e149cbe0929b4e000",
                "sha256:67bdb9702427ceddc6ef3dc382455e90f785af4c13d495f9626861763ee13f9d",
                "sha256:6d1b01031dedf2503631d0903cb563743f397ccaf6607a5e3b19a3d76fc10480",
                "sha256:741a9647fcf2e45f3a1cf0e24f5e17febf3efe8d4ba1281dcc3aa0459ef424dc",
                "sha256:7c2a1af393fcc09e898beba5dd59196edaa3116191cc7257f9224beaed3e1aa0",
                "sha256:7d9884d86dd4dd489e981d94a65cd30d6f07203d90e98f6f657f05170f6324c9",
                "sha256:90f11ff637fe8798933fb29f5ae1148c978cccb0452005bf4c69e13db951e765",
                "sha256:919859aa909429fb5aa9cf8807f6045592c85ef56fdd30a9a3747e513db2536e",
                "sha256:96fcd1888ab4d03adfc9303a7b3c0bd78c5412b2bfbe76db5b56d9eae004907a",
                "sha256:97f29f57d5b84e73fbaf99ab3e26134e6687348e95ef6b48cfd2c06807005a07",
                "sha256:980d7be47c84979d9136328d882f67ec5e50008681d94ecc8afa8a65ed1f4a6f",
                "sha256:a91aa8619b23b79bcbeb37abe286f2f408d2f2d6f29a17237afda55bb54e7aac",
                "sha256:ade17eb5d643b7fead300a1641e9f45401c98eee23763e9ed66a43f92f20b4a7",
                "sha256:b9c3db21af35e3b3c05764461b262d6f05bbca08a71a7849fd79d47ba7bc33ed",
                "sha256:bd28bc2e3a772acbb07787c6308e00d9626ff89e3bfcdebe87fa5afbfdedf968",
                "sha256:bf5824bfac591ddb2c1f0a5f4ab72da28994548c708d2191e3b87dd207eb3ad7",
                "sha256:c0502c0fadef0d23b128605d69b58edb2c681c25d44574fc673b0e52dce71ee2",
                "sha256:c38c71df845e2aabb7fb0b920d11a1b5ac8526005e533a8920aea97efb8ec6a4",
                "sha256:ce15b6d103daff8e9fee13cf7f0add05245a05d866e73926c358e871221eae87",
                "sha256:d3029c340cfbb3ac0a71798100ccc13b97dddf373a4ae56b6a72cf70dfd53bc8",
                "sha256:e512d8ef5ad7b898cdb2d8ee1cb09a8339e4f8be706d27eaa180c2f177248a10",
                "sha256:e8e5b509d5c2ff12f8418006d5a90e9436766133b564db0abaec92fd27fcee29",
                "sha256:ee54ff27bf0afaf4c3b3a62bcd016c12c3fdb4ec4f413391a90bd38bc3624605",
                "sha256:fa4537fb4a98fe8fde99626e4681cc644bdcf2a795038533f9f711513a862ae6",
                "sha256:fd45ff9293d9274c5008a2054ecef86a9bfe819a67c7be1afb65e69b405b3042"
            ],
            "version": "==2021.4.4"
        },
        "rencode": {
            "hashes": [
                "sha256:05fdef2cc84d56454fea0f7e8f0a22af9cfaad18e07f7205cb06d96c611b164a",
                "sha256:08bb787eb9ac8c33daf4958e79e7bb8029b76110a96cb2963df81fa6213ad6a0",
                "sha256:0ff399ff792fc9ab6bb20852381c2c45d62ee8492534c653097476ab191428b6",
                "sha256:2586435c4ea7d45f74e26765ad33d75309de7cf47c4d762e8efabd39905c0718",
                "sha256:43a8dd7892354d10eb1dc3d04bae842aac67532abf5ecf9c752eaf7560936ac9",
                "sha256:492f856747faaa7f941b61c19401f3281186ec7c043ec13b30ec03dae7dda5b9",
                "sha256:4c9dfd766936bcc172c5a8331ce411e3a715927203910cb8ea699d2c7d0ef64a",
                "sha256:4e6b569dbb6f0cbd36162f0f9ecfe9296be6e34e8becfc61b322947623b23c28",
                "sha256:5db89e63528dcaddd973a5928bf07adc1d38b91d98528d85c38a4cc74d5a6cb7",
                "sha256:6bf3f8f5b811447d12d327fc5833ae6f53237ecab073df4c9e00edc124d08dbe",
                "sha256:7b12fdf048e39419009cacb5f924e5554f86b88eefa3395d84d19028c3055b36",
                "sha256:ba433add4565854fb3118885e4216bb600f389aba6ed59737c2a70ab8d962cff",
                "sha256:c4c1b5223f2248b2cb11a0a3bcfe6401d1cac8ed71d42f0b434b921d3dfda7ad",
                "sha256:ce2a1468197069b6b9a287ca1a6445ab960097c4ccd2507143ea7ef25e21db2f",
                "sha256:d2dea454f7d6be8d3fd786f3ab70600a89e54c59ae28c91781d67361e5e0e52d",
                "sha256:db19eb00b7731226baa4caae256b9ff2e6415bede85b053947300a47599e043c",
                "sha256:e6a2ae3460e8b6eb1f4ff0e6822d916a3847bd22892699288cb2b653ddd22fee",
                "sha256:f0b450e60e7738d24eb4d897d0b98af976ca5cc6b1e1eff5cd98c2131db2c49c"
            ],
            "version": "==1.0.6"
        },
        "service-identity": {
            "hashes": [
                "sha256:001c0707759cb3de7e49c078a7c0c9cd12594161d3bf06b9c254fdcb1a60dc36",
                "sha256:0858a54aabc5b459d1aafa8a518ed2081a285087f349fe3e55197989232e2e2d"
            ],
            "version": "==18.1.0"
        },
        "setproctitle": {
            "hashes": [
                "sha256:077943272d0490b3f43d17379432d5e49c263f608fdf4cf624b419db762ca72b",
                "sha256:0d160d46c8f3567e0aa27b26b1f36e03122e3de475aacacc14a92b8fe45b648a",
                "sha256:0df728d0d350e6b1ad8436cc7add052faebca6f4d03257182d427d86d4422065",
                "sha256:17598f38be9ef499d74f2380bf76b558be72e87da75d66b153350e586649171b",
                "sha256:249526a06f16d493a2cb632abc1b1fdfaaa05776339a50dd9f27c941f6ff1383",
                "sha256:28b884e1cb9a53974e15838864283f9bad774b5c7db98c9609416bd123cb9fd1",
                "sha256:30bc7a769a4451639a0adcbc97bdf7a6e9ac0ef3ddad8d63eb1e338edb3ebeda",
                "sha256:3f6136966c81daaf5b4b010613fe33240a045a4036132ef040b623e35772d998",
                "sha256:4fc5bebd34f451dc87d2772ae6093adea1ea1dc29afc24641b250140decd23bb",
                "sha256:5260e8700c5793d48e79c5e607e8e552e795b698491a4b9bb9111eb74366a450",
                "sha256:7dfb472c8852403d34007e01d6e3c68c57eb66433fb8a5c77b13b89a160d97df",
                "sha256:9106bcbacae534b6f82955b176723f1b2ca6514518aab44dffec05a583f8dca8",
                "sha256:970798d948f0c90a3eb0f8750f08cb215b89dcbee1b55ffb353ad62d9361daeb",
                "sha256:a11d329f33221443317e2aeaee9442f22fcae25be3aa4fb8489e4f7b1f65cdd2",
                "sha256:ba1fb32e7267330bd9f72e69e076777a877f1cb9be5beac5e62d1279e305f37f",
                "sha256:bc4393576ed3ac87ddac7d1bd0faaa2fab24840a025cc5f3c21d14cf0c9c8a12",
                "sha256:c611f65bc9de5391a1514de556f71101e6531bb0715d240efd3e9732626d5c9e",
                "sha256:e13a5c1d9c369cb11cdfc4b75be432b83eb3205c95a69006008ffd4366f87b9e",
                "sha256:e696c93d93c23f377ccd2d72e38908d3dbfc90e45561602b805f53f2627d42ea",
                "sha256:e8ef655eab26e83ec105ce79036bb87e5f2bf8ba2d6f48afdd9595ef7647fcf4",
                "sha256:fbf914179dc4540ee6bfd8228b4cc1f1f6fb12dad66b72b5c9b955b222403220"
            ],
            "version": "==1.2.2"
        },
        "six": {
            "hashes": [
                "sha256:30639c035cdb23534cd4aa2dd52c3bf48f06e5f4a941509c8bafd8ce11080259",
                "sha256:8b74bedcbbbaca38ff6d7491d76f2b06b3592611af620f8426e82dddb04a5ced"
            ],
            "version": "==1.15.0"
        },
        "toml": {
            "hashes": [
                "sha256:806143ae5bfb6a3c6e736a764057db0e6a0e05e338b5630894a5f779cabb4f9b",
                "sha256:b3bda1d108d5dd99f4a20d24d9c348e91c4db7ab1b749200bded2f839ccbe68f"
            ],
            "version": "==0.10.2"
        },
        "twisted": {
            "extras": [
                "tls"
            ],
            "hashes": [
                "sha256:77544a8945cf69b98d2946689bbe0c75de7d145cdf11f391dd487eae8fc95a12",
                "sha256:aab38085ea6cda5b378b519a0ec99986874921ee8881318626b0a3414bb2631e"
            ],
            "version": "==21.2.0"
        },
        "typed-ast": {
            "hashes": [
                "sha256:01ae5f73431d21eead5015997ab41afa53aa1fbe252f9da060be5dad2c730ace",
                "sha256:067a74454df670dcaa4e59349a2e5c81e567d8d65458d480a5b3dfecec08c5ff",
                "sha256:0fb71b8c643187d7492c1f8352f2c15b4c4af3f6338f21681d3681b3dc31a266",
                "sha256:1b3ead4a96c9101bef08f9f7d1217c096f31667617b58de957f690c92378b528",
                "sha256:2068531575a125b87a41802130fa7e29f26c09a2833fea68d9a40cf33902eba6",
                "sha256:209596a4ec71d990d71d5e0d312ac935d86930e6eecff6ccc7007fe54d703808",
                "sha256:2c726c276d09fc5c414693a2de063f521052d9ea7c240ce553316f70656c84d4",
                "sha256:398e44cd480f4d2b7ee8d98385ca104e35c81525dd98c519acff1b79bdaac363",
                "sha256:52b1eb8c83f178ab787f3a4283f68258525f8d70f778a2f6dd54d3b5e5fb4341",
                "sha256:5feca99c17af94057417d744607b82dd0a664fd5e4ca98061480fd8b14b18d04",
                "sha256:7538e495704e2ccda9b234b82423a4038f324f3a10c43bc088a1636180f11a41",
                "sha256:760ad187b1041a154f0e4d0f6aae3e40fdb51d6de16e5c99aedadd9246450e9e",
                "sha256:777a26c84bea6cd934422ac2e3b78863a37017618b6e5c08f92ef69853e765d3",
                "sha256:95431a26309a21874005845c21118c83991c63ea800dd44843e42a916aec5899",
                "sha256:9ad2c92ec681e02baf81fdfa056fe0d818645efa9af1f1cd5fd6f1bd2bdfd805",
                "sha256:9c6d1a54552b5330bc657b7ef0eae25d00ba7ffe85d9ea8ae6540d2197a3788c",
                "sha256:aee0c1256be6c07bd3e1263ff920c325b59849dc95392a05f258bb9b259cf39c",
                "sha256:af3d4a73793725138d6b334d9d247ce7e5f084d96284ed23f22ee626a7b88e39",
                "sha256:b36b4f3920103a25e1d5d024d155c504080959582b928e91cb608a65c3a49e1a",
                "sha256:b9574c6f03f685070d859e75c7f9eeca02d6933273b5e69572e5ff9d5e3931c3",
                "sha256:bff6ad71c81b3bba8fa35f0f1921fb24ff4476235a6e94a26ada2e54370e6da7",
                "sha256:c190f0899e9f9f8b6b7863debfb739abcb21a5c054f911ca3596d12b8a4c4c7f",
                "sha256:c907f561b1e83e93fad565bac5ba9c22d96a54e7ea0267c708bffe863cbe4075",
                "sha256:cae53c389825d3b46fb37538441f75d6aecc4174f615d048321b716df2757fb0",
                "sha256:dd4a21253f42b8d2b48410cb31fe501d32f8b9fbeb1f55063ad102fe9c425e40",
                "sha256:dde816ca9dac1d9c01dd504ea5967821606f02e510438120091b84e852367428",
                "sha256:f2362f3cb0f3172c42938946dbc5b7843c2a28aec307c49100c8b38764eb6927",
                "sha256:f328adcfebed9f11301eaedfa48e15bdece9b519fb27e6a8c01aa52a17ec31b3",
                "sha256:f8afcf15cc511ada719a88e013cec87c11aff7b91f019295eb4530f96fe5ef2f",
                "sha256:fb1bbeac803adea29cedd70781399c99138358c26d05fcbd23c13016b7f5ec65"
            ],
            "version": "==1.4.3"
        },
        "typing-extensions": {
            "hashes": [
                "sha256:7cb407020f00f7bfc3cb3e7881628838e69d8f3fcab2f64742a5e76b2f841918",
                "sha256:99d4073b617d30288f569d3f13d2bd7548c3a7e4c8de87db09a9d29bb3a4a60c",
                "sha256:dafc7639cde7f1b6e1acc0f457842a83e722ccca8eef5270af2d74792619a89f"
            ],
            "markers": "python_version < '3.8'",
            "version": "==3.7.4.3"
        },
        "wcwidth": {
            "hashes": [
                "sha256:beb4802a9cebb9144e99086eff703a642a13d6a0052920003a230f3294bbe784",
                "sha256:c4d647b99872929fdb7bdcaa4fbe7f01413ed3d98077df798530e5b04f116c83"
            ],
            "version": "==0.2.5"
        },
        "zipp": {
            "hashes": [
                "sha256:3607921face881ba3e026887d8150cca609d517579abe052ac81fc5aeffdbd76",
                "sha256:51cb66cc54621609dd593d1787f286ee42a5c0adbb4b29abea5a63edc3e03098"
            ],
            "version": "==3.4.1"
        },
        "zope.interface": {
            "hashes": [
                "sha256:08f9636e99a9d5410181ba0729e0408d3d8748026ea938f3b970a0249daa8192",
                "sha256:0b465ae0962d49c68aa9733ba92a001b2a0933c317780435f00be7ecb959c702",
                "sha256:0cba8477e300d64a11a9789ed40ee8932b59f9ee05f85276dbb4b59acee5dd09",
                "sha256:0cee5187b60ed26d56eb2960136288ce91bcf61e2a9405660d271d1f122a69a4",
                "sha256:0ea1d73b7c9dcbc5080bb8aaffb776f1c68e807767069b9ccdd06f27a161914a",
                "sha256:0f91b5b948686659a8e28b728ff5e74b1be6bf40cb04704453617e5f1e945ef3",
                "sha256:15e7d1f7a6ee16572e21e3576d2012b2778cbacf75eb4b7400be37455f5ca8bf",
                "sha256:17776ecd3a1fdd2b2cd5373e5ef8b307162f581c693575ec62e7c5399d80794c",
                "sha256:194d0bcb1374ac3e1e023961610dc8f2c78a0f5f634d0c737691e215569e640d",
                "sha256:1c0e316c9add0db48a5b703833881351444398b04111188069a26a61cfb4df78",
                "sha256:205e40ccde0f37496904572035deea747390a8b7dc65146d30b96e2dd1359a83",
                "sha256:273f158fabc5ea33cbc936da0ab3d4ba80ede5351babc4f577d768e057651531",
                "sha256:2876246527c91e101184f63ccd1d716ec9c46519cc5f3d5375a3351c46467c46",
                "sha256:2c98384b254b37ce50eddd55db8d381a5c53b4c10ee66e1e7fe749824f894021",
                "sha256:2e5a26f16503be6c826abca904e45f1a44ff275fdb7e9d1b75c10671c26f8b94",
                "sha256:334701327f37c47fa628fc8b8d28c7d7730ce7daaf4bda1efb741679c2b087fc",
                "sha256:3748fac0d0f6a304e674955ab1365d515993b3a0a865e16a11ec9d86fb307f63",
                "sha256:3c02411a3b62668200910090a0dff17c0b25aaa36145082a5a6adf08fa281e54",
                "sha256:3dd4952748521205697bc2802e4afac5ed4b02909bb799ba1fe239f77fd4e117",
                "sha256:3f24df7124c323fceb53ff6168da70dbfbae1442b4f3da439cd441681f54fe25",
                "sha256:469e2407e0fe9880ac690a3666f03eb4c3c444411a5a5fddfdabc5d184a79f05",
                "sha256:4de4bc9b6d35c5af65b454d3e9bc98c50eb3960d5a3762c9438df57427134b8e",
                "sha256:5208ebd5152e040640518a77827bdfcc73773a15a33d6644015b763b9c9febc1",
                "sha256:52de7fc6c21b419078008f697fd4103dbc763288b1406b4562554bd47514c004",
                "sha256:5bb3489b4558e49ad2c5118137cfeaf59434f9737fa9c5deefc72d22c23822e2",
                "sha256:5dba5f530fec3f0988d83b78cc591b58c0b6eb8431a85edd1569a0539a8a5a0e",
                "sha256:5dd9ca406499444f4c8299f803d4a14edf7890ecc595c8b1c7115c2342cadc5f",
                "sha256:5f931a1c21dfa7a9c573ec1f50a31135ccce84e32507c54e1ea404894c5eb96f",
                "sha256:63b82bb63de7c821428d513607e84c6d97d58afd1fe2eb645030bdc185440120",
                "sha256:66c0061c91b3b9cf542131148ef7ecbecb2690d48d1612ec386de9d36766058f",
                "sha256:6f0c02cbb9691b7c91d5009108f975f8ffeab5dff8f26d62e21c493060eff2a1",
                "sha256:71aace0c42d53abe6fc7f726c5d3b60d90f3c5c055a447950ad6ea9cec2e37d9",
                "sha256:7d97a4306898b05404a0dcdc32d9709b7d8832c0c542b861d9a826301719794e",
                "sha256:7df1e1c05304f26faa49fa752a8c690126cf98b40b91d54e6e9cc3b7d6ffe8b7",
                "sha256:8270252effc60b9642b423189a2fe90eb6b59e87cbee54549db3f5562ff8d1b8",
                "sha256:867a5ad16892bf20e6c4ea2aab1971f45645ff3102ad29bd84c86027fa99997b",
                "sha256:877473e675fdcc113c138813a5dd440da0769a2d81f4d86614e5d62b69497155",
                "sha256:8892f89999ffd992208754851e5a052f6b5db70a1e3f7d54b17c5211e37a98c7",
                "sha256:9a9845c4c6bb56e508651f005c4aeb0404e518c6f000d5a1123ab077ab769f5c",
                "sha256:a1e6e96217a0f72e2b8629e271e1b280c6fa3fe6e59fa8f6701bec14e3354325",
                "sha256:a8156e6a7f5e2a0ff0c5b21d6bcb45145efece1909efcbbbf48c56f8da68221d",
                "sha256:a9506a7e80bcf6eacfff7f804c0ad5350c8c95b9010e4356a4b36f5322f09abb",
                "sha256:af310ec8335016b5e52cae60cda4a4f2a60a788cbb949a4fbea13d441aa5a09e",
                "sha256:b0297b1e05fd128d26cc2460c810d42e205d16d76799526dfa8c8ccd50e74959",
                "sha256:bf68f4b2b6683e52bec69273562df15af352e5ed25d1b6641e7efddc5951d1a7",
                "sha256:d0c1bc2fa9a7285719e5678584f6b92572a5b639d0e471bb8d4b650a1a910920",
                "sha256:d4d9d6c1a455d4babd320203b918ccc7fcbefe308615c521062bc2ba1aa4d26e",
                "sha256:db1fa631737dab9fa0b37f3979d8d2631e348c3b4e8325d6873c2541d0ae5a48",
                "sha256:dd93ea5c0c7f3e25335ab7d22a507b1dc43976e1345508f845efc573d3d779d8",
                "sha256:f44e517131a98f7a76696a7b21b164bcb85291cee106a23beccce454e1f433a4",
                "sha256:f7ee479e96f7ee350db1cf24afa5685a5899e2b34992fb99e1f7c1b0b758d263"
            ],
            "version": "==5.4.0"
        }
    }
}
